// !$*UTF8*$!
{
	archiveVersion = 1;
	classes = {
	};
	objectVersion = 50;
	objects = {

/* Begin PBXBuildFile section */
		610FF84C2278999D00100C57 /* MainViewController.swift in Sources */ = {isa = PBXBuildFile; fileRef = 610FF84A2278999D00100C57 /* MainViewController.swift */; };
		610FF84D2278999D00100C57 /* Main.storyboard in Resources */ = {isa = PBXBuildFile; fileRef = 610FF84B2278999D00100C57 /* Main.storyboard */; };
		610FF860227899B600100C57 /* CityConditions.swift in Sources */ = {isa = PBXBuildFile; fileRef = 610FF84F227899B600100C57 /* CityConditions.swift */; };
		610FF861227899B600100C57 /* LaunchScreen.storyboard in Resources */ = {isa = PBXBuildFile; fileRef = 610FF851227899B600100C57 /* LaunchScreen.storyboard */; };
		610FF862227899B600100C57 /* Asset.swift in Sources */ = {isa = PBXBuildFile; fileRef = 610FF853227899B600100C57 /* Asset.swift */; };
		610FF863227899B600100C57 /* Text.swift in Sources */ = {isa = PBXBuildFile; fileRef = 610FF854227899B600100C57 /* Text.swift */; };
		610FF864227899B600100C57 /* Color.swift in Sources */ = {isa = PBXBuildFile; fileRef = 610FF855227899B600100C57 /* Color.swift */; };
		610FF865227899B600100C57 /* Assets.xcassets in Resources */ = {isa = PBXBuildFile; fileRef = 610FF856227899B600100C57 /* Assets.xcassets */; };
		610FF866227899B600100C57 /* UILabel+Extension.swift in Sources */ = {isa = PBXBuildFile; fileRef = 610FF858227899B600100C57 /* UILabel+Extension.swift */; };
		610FF867227899B600100C57 /* String+Extension.swift in Sources */ = {isa = PBXBuildFile; fileRef = 610FF859227899B600100C57 /* String+Extension.swift */; };
		610FF868227899B600100C57 /* AppDelegate.swift in Sources */ = {isa = PBXBuildFile; fileRef = 610FF85A227899B600100C57 /* AppDelegate.swift */; };
		610FF869227899B600100C57 /* ViewModel.swift in Sources */ = {isa = PBXBuildFile; fileRef = 610FF85C227899B600100C57 /* ViewModel.swift */; };
		610FF86B227899B600100C57 /* MainViewModel.swift in Sources */ = {isa = PBXBuildFile; fileRef = 610FF85F227899B600100C57 /* MainViewModel.swift */; };
		610FF86E2278A5D300100C57 /* AirVisualAPI.swift in Sources */ = {isa = PBXBuildFile; fileRef = 610FF86D2278A5D300100C57 /* AirVisualAPI.swift */; };
		61B39840227DAAEA00E8A98E /* PropellerAPI.swift in Sources */ = {isa = PBXBuildFile; fileRef = 61B3983F227DAAEA00E8A98E /* PropellerAPI.swift */; };
		61DACD1B227AF520003C7A6A /* UIViewController+Extension.swift in Sources */ = {isa = PBXBuildFile; fileRef = 61DACD1A227AF520003C7A6A /* UIViewController+Extension.swift */; };
		61DACD1D227AF784003C7A6A /* Errors.swift in Sources */ = {isa = PBXBuildFile; fileRef = 61DACD1C227AF784003C7A6A /* Errors.swift */; };
		B8E8776775DED109940C1C36 /* Pods_Breather_Part_3.framework in Frameworks */ = {isa = PBXBuildFile; fileRef = A424AC85453B956E001D1245 /* Pods_Breather_Part_3.framework */; };
/* End PBXBuildFile section */

/* Begin PBXFileReference section */
		610FF8322278988C00100C57 /* Breather Part 3.app */ = {isa = PBXFileReference; explicitFileType = wrapper.application; includeInIndex = 0; path = "Breather Part 3.app"; sourceTree = BUILT_PRODUCTS_DIR; };
		610FF84A2278999D00100C57 /* MainViewController.swift */ = {isa = PBXFileReference; fileEncoding = 4; lastKnownFileType = sourcecode.swift; path = MainViewController.swift; sourceTree = "<group>"; };
		610FF84B2278999D00100C57 /* Main.storyboard */ = {isa = PBXFileReference; fileEncoding = 4; lastKnownFileType = file.storyboard; path = Main.storyboard; sourceTree = "<group>"; };
		610FF84F227899B600100C57 /* CityConditions.swift */ = {isa = PBXFileReference; fileEncoding = 4; lastKnownFileType = sourcecode.swift; path = CityConditions.swift; sourceTree = "<group>"; };
		610FF851227899B600100C57 /* LaunchScreen.storyboard */ = {isa = PBXFileReference; fileEncoding = 4; lastKnownFileType = file.storyboard; path = LaunchScreen.storyboard; sourceTree = "<group>"; };
		610FF853227899B600100C57 /* Asset.swift */ = {isa = PBXFileReference; fileEncoding = 4; lastKnownFileType = sourcecode.swift; path = Asset.swift; sourceTree = "<group>"; };
		610FF854227899B600100C57 /* Text.swift */ = {isa = PBXFileReference; fileEncoding = 4; lastKnownFileType = sourcecode.swift; path = Text.swift; sourceTree = "<group>"; };
		610FF855227899B600100C57 /* Color.swift */ = {isa = PBXFileReference; fileEncoding = 4; lastKnownFileType = sourcecode.swift; path = Color.swift; sourceTree = "<group>"; };
		610FF856227899B600100C57 /* Assets.xcassets */ = {isa = PBXFileReference; lastKnownFileType = folder.assetcatalog; path = Assets.xcassets; sourceTree = "<group>"; };
		610FF858227899B600100C57 /* UILabel+Extension.swift */ = {isa = PBXFileReference; fileEncoding = 4; lastKnownFileType = sourcecode.swift; path = "UILabel+Extension.swift"; sourceTree = "<group>"; };
		610FF859227899B600100C57 /* String+Extension.swift */ = {isa = PBXFileReference; fileEncoding = 4; lastKnownFileType = sourcecode.swift; path = "String+Extension.swift"; sourceTree = "<group>"; };
		610FF85A227899B600100C57 /* AppDelegate.swift */ = {isa = PBXFileReference; fileEncoding = 4; lastKnownFileType = sourcecode.swift; path = AppDelegate.swift; sourceTree = "<group>"; };
		610FF85C227899B600100C57 /* ViewModel.swift */ = {isa = PBXFileReference; fileEncoding = 4; lastKnownFileType = sourcecode.swift; path = ViewModel.swift; sourceTree = "<group>"; };
		610FF85D227899B600100C57 /* Info.plist */ = {isa = PBXFileReference; fileEncoding = 4; lastKnownFileType = text.plist.xml; path = Info.plist; sourceTree = "<group>"; };
		610FF85F227899B600100C57 /* MainViewModel.swift */ = {isa = PBXFileReference; fileEncoding = 4; lastKnownFileType = sourcecode.swift; path = MainViewModel.swift; sourceTree = "<group>"; };
		610FF86D2278A5D300100C57 /* AirVisualAPI.swift */ = {isa = PBXFileReference; lastKnownFileType = sourcecode.swift; path = AirVisualAPI.swift; sourceTree = "<group>"; };
		61B3983F227DAAEA00E8A98E /* PropellerAPI.swift */ = {isa = PBXFileReference; fileEncoding = 4; lastKnownFileType = sourcecode.swift; path = PropellerAPI.swift; sourceTree = "<group>"; };
		61DACD1A227AF520003C7A6A /* UIViewController+Extension.swift */ = {isa = PBXFileReference; fileEncoding = 4; lastKnownFileType = sourcecode.swift; path = "UIViewController+Extension.swift"; sourceTree = "<group>"; };
		61DACD1C227AF784003C7A6A /* Errors.swift */ = {isa = PBXFileReference; lastKnownFileType = sourcecode.swift; path = Errors.swift; sourceTree = "<group>"; };
		69A53B7AECD3E48D67352E8E /* Pods-Breather Part 3.debug.xcconfig */ = {isa = PBXFileReference; includeInIndex = 1; lastKnownFileType = text.xcconfig; name = "Pods-Breather Part 3.debug.xcconfig"; path = "Pods/Target Support Files/Pods-Breather Part 3/Pods-Breather Part 3.debug.xcconfig"; sourceTree = "<group>"; };
		A3595D71F3F23298308B3456 /* Pods-Breather Part 3.release.xcconfig */ = {isa = PBXFileReference; includeInIndex = 1; lastKnownFileType = text.xcconfig; name = "Pods-Breather Part 3.release.xcconfig"; path = "Pods/Target Support Files/Pods-Breather Part 3/Pods-Breather Part 3.release.xcconfig"; sourceTree = "<group>"; };
		A424AC85453B956E001D1245 /* Pods_Breather_Part_3.framework */ = {isa = PBXFileReference; explicitFileType = wrapper.framework; includeInIndex = 0; path = Pods_Breather_Part_3.framework; sourceTree = BUILT_PRODUCTS_DIR; };
/* End PBXFileReference section */

/* Begin PBXFrameworksBuildPhase section */
		610FF82F2278988C00100C57 /* Frameworks */ = {
			isa = PBXFrameworksBuildPhase;
			buildActionMask = 2147483647;
			files = (
				B8E8776775DED109940C1C36 /* Pods_Breather_Part_3.framework in Frameworks */,
			);
			runOnlyForDeploymentPostprocessing = 0;
		};
/* End PBXFrameworksBuildPhase section */

/* Begin PBXGroup section */
		1B40B3601B152C29AB6B8237 /* Pods */ = {
			isa = PBXGroup;
			children = (
				69A53B7AECD3E48D67352E8E /* Pods-Breather Part 3.debug.xcconfig */,
				A3595D71F3F23298308B3456 /* Pods-Breather Part 3.release.xcconfig */,
			);
			name = Pods;
			sourceTree = "<group>";
		};
		610FF8292278988C00100C57 = {
			isa = PBXGroup;
			children = (
				610FF8342278988C00100C57 /* Breather Part 3 */,
				610FF8332278988C00100C57 /* Products */,
				1B40B3601B152C29AB6B8237 /* Pods */,
				F578077670573759D44C7423 /* Frameworks */,
			);
			sourceTree = "<group>";
		};
		610FF8332278988C00100C57 /* Products */ = {
			isa = PBXGroup;
			children = (
				610FF8322278988C00100C57 /* Breather Part 3.app */,
			);
			name = Products;
			sourceTree = "<group>";
		};
		610FF8342278988C00100C57 /* Breather Part 3 */ = {
			isa = PBXGroup;
			children = (
				610FF8492278999D00100C57 /* View */,
				610FF85E227899B600100C57 /* ViewModel */,
				610FF84E227899B600100C57 /* Model */,
				610FF86C2278A52100100C57 /* Networking */,
				610FF850227899B600100C57 /* Supporting Files */,
			);
			path = "Breather Part 3";
			sourceTree = "<group>";
		};
		610FF8492278999D00100C57 /* View */ = {
			isa = PBXGroup;
			children = (
				610FF84B2278999D00100C57 /* Main.storyboard */,
				610FF84A2278999D00100C57 /* MainViewController.swift */,
			);
			path = View;
			sourceTree = "<group>";
		};
		610FF84E227899B600100C57 /* Model */ = {
			isa = PBXGroup;
			children = (
				610FF84F227899B600100C57 /* CityConditions.swift */,
			);
			path = Model;
			sourceTree = "<group>";
		};
		610FF850227899B600100C57 /* Supporting Files */ = {
			isa = PBXGroup;
			children = (
				610FF85A227899B600100C57 /* AppDelegate.swift */,
				610FF85D227899B600100C57 /* Info.plist */,
				610FF856227899B600100C57 /* Assets.xcassets */,
				610FF851227899B600100C57 /* LaunchScreen.storyboard */,
				610FF852227899B600100C57 /* Constants */,
				610FF857227899B600100C57 /* Extensions */,
				610FF85B227899B600100C57 /* Protocols */,
			);
			path = "Supporting Files";
			sourceTree = "<group>";
		};
		610FF852227899B600100C57 /* Constants */ = {
			isa = PBXGroup;
			children = (
				610FF853227899B600100C57 /* Asset.swift */,
				610FF854227899B600100C57 /* Text.swift */,
				610FF855227899B600100C57 /* Color.swift */,
				61DACD1C227AF784003C7A6A /* Errors.swift */,
			);
			path = Constants;
			sourceTree = "<group>";
		};
		610FF857227899B600100C57 /* Extensions */ = {
			isa = PBXGroup;
			children = (
				610FF859227899B600100C57 /* String+Extension.swift */,
				610FF858227899B600100C57 /* UILabel+Extension.swift */,
				61DACD1A227AF520003C7A6A /* UIViewController+Extension.swift */,
			);
			path = Extensions;
			sourceTree = "<group>";
		};
		610FF85B227899B600100C57 /* Protocols */ = {
			isa = PBXGroup;
			children = (
				610FF85C227899B600100C57 /* ViewModel.swift */,
			);
			path = Protocols;
			sourceTree = "<group>";
		};
		610FF85E227899B600100C57 /* ViewModel */ = {
			isa = PBXGroup;
			children = (
				610FF85F227899B600100C57 /* MainViewModel.swift */,
			);
			path = ViewModel;
			sourceTree = "<group>";
		};
		610FF86C2278A52100100C57 /* Networking */ = {
			isa = PBXGroup;
			children = (
				610FF86D2278A5D300100C57 /* AirVisualAPI.swift */,
				61B3983F227DAAEA00E8A98E /* PropellerAPI.swift */,
			);
			path = Networking;
			sourceTree = "<group>";
		};
		F578077670573759D44C7423 /* Frameworks */ = {
			isa = PBXGroup;
			children = (
				A424AC85453B956E001D1245 /* Pods_Breather_Part_3.framework */,
			);
			name = Frameworks;
			sourceTree = "<group>";
		};
/* End PBXGroup section */

/* Begin PBXNativeTarget section */
		610FF8312278988C00100C57 /* Breather Part 3 */ = {
			isa = PBXNativeTarget;
			buildConfigurationList = 610FF8442278988D00100C57 /* Build configuration list for PBXNativeTarget "Breather Part 3" */;
			buildPhases = (
				9985C39714A3FA29BE28CF6C /* [CP] Check Pods Manifest.lock */,
				610FF82E2278988C00100C57 /* Sources */,
				610FF82F2278988C00100C57 /* Frameworks */,
				610FF8302278988C00100C57 /* Resources */,
				1B5D75EF76B8DF8F919E0A2E /* [CP] Embed Pods Frameworks */,
			);
			buildRules = (
			);
			dependencies = (
			);
			name = "Breather Part 3";
			productName = "Breather Part 3";
			productReference = 610FF8322278988C00100C57 /* Breather Part 3.app */;
			productType = "com.apple.product-type.application";
		};
/* End PBXNativeTarget section */

/* Begin PBXProject section */
		610FF82A2278988C00100C57 /* Project object */ = {
			isa = PBXProject;
			attributes = {
				LastSwiftUpdateCheck = 1020;
				LastUpgradeCheck = 1020;
				ORGANIZATIONNAME = "Alexandros Baramilis";
				TargetAttributes = {
					610FF8312278988C00100C57 = {
						CreatedOnToolsVersion = 10.2.1;
					};
				};
			};
			buildConfigurationList = 610FF82D2278988C00100C57 /* Build configuration list for PBXProject "Breather Part 3" */;
			compatibilityVersion = "Xcode 9.3";
			developmentRegion = en;
			hasScannedForEncodings = 0;
			knownRegions = (
				en,
				Base,
			);
			mainGroup = 610FF8292278988C00100C57;
			productRefGroup = 610FF8332278988C00100C57 /* Products */;
			projectDirPath = "";
			projectRoot = "";
			targets = (
				610FF8312278988C00100C57 /* Breather Part 3 */,
			);
		};
/* End PBXProject section */

/* Begin PBXResourcesBuildPhase section */
		610FF8302278988C00100C57 /* Resources */ = {
			isa = PBXResourcesBuildPhase;
			buildActionMask = 2147483647;
			files = (
				610FF84D2278999D00100C57 /* Main.storyboard in Resources */,
				610FF865227899B600100C57 /* Assets.xcassets in Resources */,
				610FF861227899B600100C57 /* LaunchScreen.storyboard in Resources */,
			);
			runOnlyForDeploymentPostprocessing = 0;
		};
/* End PBXResourcesBuildPhase section */

/* Begin PBXShellScriptBuildPhase section */
		1B5D75EF76B8DF8F919E0A2E /* [CP] Embed Pods Frameworks */ = {
			isa = PBXShellScriptBuildPhase;
			buildActionMask = 2147483647;
			files = (
			);
			inputFileListPaths = (
			);
			inputPaths = (
				"${SRCROOT}/Pods/Target Support Files/Pods-Breather Part 3/Pods-Breather Part 3-frameworks.sh",
				"${BUILT_PRODUCTS_DIR}/Alamofire/Alamofire.framework",
				"${BUILT_PRODUCTS_DIR}/Moya/Moya.framework",
				"${BUILT_PRODUCTS_DIR}/Result/Result.framework",
				"${BUILT_PRODUCTS_DIR}/RxCocoa/RxCocoa.framework",
				"${BUILT_PRODUCTS_DIR}/RxSwift/RxSwift.framework",
			);
			name = "[CP] Embed Pods Frameworks";
			outputFileListPaths = (
			);
			outputPaths = (
				"${TARGET_BUILD_DIR}/${FRAMEWORKS_FOLDER_PATH}/Alamofire.framework",
				"${TARGET_BUILD_DIR}/${FRAMEWORKS_FOLDER_PATH}/Moya.framework",
				"${TARGET_BUILD_DIR}/${FRAMEWORKS_FOLDER_PATH}/Result.framework",
				"${TARGET_BUILD_DIR}/${FRAMEWORKS_FOLDER_PATH}/RxCocoa.framework",
				"${TARGET_BUILD_DIR}/${FRAMEWORKS_FOLDER_PATH}/RxSwift.framework",
			);
			runOnlyForDeploymentPostprocessing = 0;
			shellPath = /bin/sh;
			shellScript = "\"${SRCROOT}/Pods/Target Support Files/Pods-Breather Part 3/Pods-Breather Part 3-frameworks.sh\"\n";
			showEnvVarsInLog = 0;
		};
		9985C39714A3FA29BE28CF6C /* [CP] Check Pods Manifest.lock */ = {
			isa = PBXShellScriptBuildPhase;
			buildActionMask = 2147483647;
			files = (
			);
			inputFileListPaths = (
			);
			inputPaths = (
				"${PODS_PODFILE_DIR_PATH}/Podfile.lock",
				"${PODS_ROOT}/Manifest.lock",
			);
			name = "[CP] Check Pods Manifest.lock";
			outputFileListPaths = (
			);
			outputPaths = (
				"$(DERIVED_FILE_DIR)/Pods-Breather Part 3-checkManifestLockResult.txt",
			);
			runOnlyForDeploymentPostprocessing = 0;
			shellPath = /bin/sh;
			shellScript = "diff \"${PODS_PODFILE_DIR_PATH}/Podfile.lock\" \"${PODS_ROOT}/Manifest.lock\" > /dev/null\nif [ $? != 0 ] ; then\n    # print error to STDERR\n    echo \"error: The sandbox is not in sync with the Podfile.lock. Run 'pod install' or update your CocoaPods installation.\" >&2\n    exit 1\nfi\n# This output is used by Xcode 'outputs' to avoid re-running this script phase.\necho \"SUCCESS\" > \"${SCRIPT_OUTPUT_FILE_0}\"\n";
			showEnvVarsInLog = 0;
		};
/* End PBXShellScriptBuildPhase section */

/* Begin PBXSourcesBuildPhase section */
		610FF82E2278988C00100C57 /* Sources */ = {
			isa = PBXSourcesBuildPhase;
			buildActionMask = 2147483647;
			files = (
				61B39840227DAAEA00E8A98E /* PropellerAPI.swift in Sources */,
				61DACD1B227AF520003C7A6A /* UIViewController+Extension.swift in Sources */,
				610FF86E2278A5D300100C57 /* AirVisualAPI.swift in Sources */,
				610FF868227899B600100C57 /* AppDelegate.swift in Sources */,
				610FF869227899B600100C57 /* ViewModel.swift in Sources */,
				610FF862227899B600100C57 /* Asset.swift in Sources */,
				610FF867227899B600100C57 /* String+Extension.swift in Sources */,
				610FF860227899B600100C57 /* CityConditions.swift in Sources */,
				61DACD1D227AF784003C7A6A /* Errors.swift in Sources */,
				610FF86B227899B600100C57 /* MainViewModel.swift in Sources */,
				610FF866227899B600100C57 /* UILabel+Extension.swift in Sources */,
				610FF863227899B600100C57 /* Text.swift in Sources */,
				610FF864227899B600100C57 /* Color.swift in Sources */,
				610FF84C2278999D00100C57 /* MainViewController.swift in Sources */,
			);
			runOnlyForDeploymentPostprocessing = 0;
		};
/* End PBXSourcesBuildPhase section */

/* Begin XCBuildConfiguration section */
		610FF8422278988D00100C57 /* Debug */ = {
			isa = XCBuildConfiguration;
			buildSettings = {
				ALWAYS_SEARCH_USER_PATHS = NO;
				CLANG_ANALYZER_NONNULL = YES;
				CLANG_ANALYZER_NUMBER_OBJECT_CONVERSION = YES_AGGRESSIVE;
				CLANG_CXX_LANGUAGE_STANDARD = "gnu++14";
				CLANG_CXX_LIBRARY = "libc++";
				CLANG_ENABLE_MODULES = YES;
				CLANG_ENABLE_OBJC_ARC = YES;
				CLANG_ENABLE_OBJC_WEAK = YES;
				CLANG_WARN_BLOCK_CAPTURE_AUTORELEASING = YES;
				CLANG_WARN_BOOL_CONVERSION = YES;
				CLANG_WARN_COMMA = YES;
				CLANG_WARN_CONSTANT_CONVERSION = YES;
				CLANG_WARN_DEPRECATED_OBJC_IMPLEMENTATIONS = YES;
				CLANG_WARN_DIRECT_OBJC_ISA_USAGE = YES_ERROR;
				CLANG_WARN_DOCUMENTATION_COMMENTS = YES;
				CLANG_WARN_EMPTY_BODY = YES;
				CLANG_WARN_ENUM_CONVERSION = YES;
				CLANG_WARN_INFINITE_RECURSION = YES;
				CLANG_WARN_INT_CONVERSION = YES;
				CLANG_WARN_NON_LITERAL_NULL_CONVERSION = YES;
				CLANG_WARN_OBJC_IMPLICIT_RETAIN_SELF = YES;
				CLANG_WARN_OBJC_LITERAL_CONVERSION = YES;
				CLANG_WARN_OBJC_ROOT_CLASS = YES_ERROR;
				CLANG_WARN_RANGE_LOOP_ANALYSIS = YES;
				CLANG_WARN_STRICT_PROTOTYPES = YES;
				CLANG_WARN_SUSPICIOUS_MOVE = YES;
				CLANG_WARN_UNGUARDED_AVAILABILITY = YES_AGGRESSIVE;
				CLANG_WARN_UNREACHABLE_CODE = YES;
				CLANG_WARN__DUPLICATE_METHOD_MATCH = YES;
				CODE_SIGN_IDENTITY = "iPhone Developer";
				COPY_PHASE_STRIP = NO;
				DEBUG_INFORMATION_FORMAT = dwarf;
				ENABLE_STRICT_OBJC_MSGSEND = YES;
				ENABLE_TESTABILITY = YES;
				GCC_C_LANGUAGE_STANDARD = gnu11;
				GCC_DYNAMIC_NO_PIC = NO;
				GCC_NO_COMMON_BLOCKS = YES;
				GCC_OPTIMIZATION_LEVEL = 0;
				GCC_PREPROCESSOR_DEFINITIONS = (
					"DEBUG=1",
					"$(inherited)",
				);
				GCC_WARN_64_TO_32_BIT_CONVERSION = YES;
				GCC_WARN_ABOUT_RETURN_TYPE = YES_ERROR;
				GCC_WARN_UNDECLARED_SELECTOR = YES;
				GCC_WARN_UNINITIALIZED_AUTOS = YES_AGGRESSIVE;
				GCC_WARN_UNUSED_FUNCTION = YES;
				GCC_WARN_UNUSED_VARIABLE = YES;
				IPHONEOS_DEPLOYMENT_TARGET = 12.2;
				MTL_ENABLE_DEBUG_INFO = INCLUDE_SOURCE;
				MTL_FAST_MATH = YES;
				ONLY_ACTIVE_ARCH = YES;
				SDKROOT = iphoneos;
				SWIFT_ACTIVE_COMPILATION_CONDITIONS = DEBUG;
				SWIFT_OPTIMIZATION_LEVEL = "-Onone";
			};
			name = Debug;
		};
		610FF8432278988D00100C57 /* Release */ = {
			isa = XCBuildConfiguration;
			buildSettings = {
				ALWAYS_SEARCH_USER_PATHS = NO;
				CLANG_ANALYZER_NONNULL = YES;
				CLANG_ANALYZER_NUMBER_OBJECT_CONVERSION = YES_AGGRESSIVE;
				CLANG_CXX_LANGUAGE_STANDARD = "gnu++14";
				CLANG_CXX_LIBRARY = "libc++";
				CLANG_ENABLE_MODULES = YES;
				CLANG_ENABLE_OBJC_ARC = YES;
				CLANG_ENABLE_OBJC_WEAK = YES;
				CLANG_WARN_BLOCK_CAPTURE_AUTORELEASING = YES;
				CLANG_WARN_BOOL_CONVERSION = YES;
				CLANG_WARN_COMMA = YES;
				CLANG_WARN_CONSTANT_CONVERSION = YES;
				CLANG_WARN_DEPRECATED_OBJC_IMPLEMENTATIONS = YES;
				CLANG_WARN_DIRECT_OBJC_ISA_USAGE = YES_ERROR;
				CLANG_WARN_DOCUMENTATION_COMMENTS = YES;
				CLANG_WARN_EMPTY_BODY = YES;
				CLANG_WARN_ENUM_CONVERSION = YES;
				CLANG_WARN_INFINITE_RECURSION = YES;
				CLANG_WARN_INT_CONVERSION = YES;
				CLANG_WARN_NON_LITERAL_NULL_CONVERSION = YES;
				CLANG_WARN_OBJC_IMPLICIT_RETAIN_SELF = YES;
				CLANG_WARN_OBJC_LITERAL_CONVERSION = YES;
				CLANG_WARN_OBJC_ROOT_CLASS = YES_ERROR;
				CLANG_WARN_RANGE_LOOP_ANALYSIS = YES;
				CLANG_WARN_STRICT_PROTOTYPES = YES;
				CLANG_WARN_SUSPICIOUS_MOVE = YES;
				CLANG_WARN_UNGUARDED_AVAILABILITY = YES_AGGRESSIVE;
				CLANG_WARN_UNREACHABLE_CODE = YES;
				CLANG_WARN__DUPLICATE_METHOD_MATCH = YES;
				CODE_SIGN_IDENTITY = "iPhone Developer";
				COPY_PHASE_STRIP = NO;
				DEBUG_INFORMATION_FORMAT = "dwarf-with-dsym";
				ENABLE_NS_ASSERTIONS = NO;
				ENABLE_STRICT_OBJC_MSGSEND = YES;
				GCC_C_LANGUAGE_STANDARD = gnu11;
				GCC_NO_COMMON_BLOCKS = YES;
				GCC_WARN_64_TO_32_BIT_CONVERSION = YES;
				GCC_WARN_ABOUT_RETURN_TYPE = YES_ERROR;
				GCC_WARN_UNDECLARED_SELECTOR = YES;
				GCC_WARN_UNINITIALIZED_AUTOS = YES_AGGRESSIVE;
				GCC_WARN_UNUSED_FUNCTION = YES;
				GCC_WARN_UNUSED_VARIABLE = YES;
				IPHONEOS_DEPLOYMENT_TARGET = 12.2;
				MTL_ENABLE_DEBUG_INFO = NO;
				MTL_FAST_MATH = YES;
				SDKROOT = iphoneos;
				SWIFT_COMPILATION_MODE = wholemodule;
				SWIFT_OPTIMIZATION_LEVEL = "-O";
				VALIDATE_PRODUCT = YES;
			};
			name = Release;
		};
		610FF8452278988D00100C57 /* Debug */ = {
			isa = XCBuildConfiguration;
			baseConfigurationReference = 69A53B7AECD3E48D67352E8E /* Pods-Breather Part 3.debug.xcconfig */;
			buildSettings = {
				ASSETCATALOG_COMPILER_APPICON_NAME = AppIcon;
				CODE_SIGN_STYLE = Automatic;
				DEVELOPMENT_TEAM = 448W5H23KP;
				INFOPLIST_FILE = "$(SRCROOT)/Breather Part 3/Supporting Files/Info.plist";
				LD_RUNPATH_SEARCH_PATHS = (
					"$(inherited)",
					"@executable_path/Frameworks",
				);
				PRODUCT_BUNDLE_IDENTIFIER = "com.alexbaramilis.Breather-Part-3";
				PRODUCT_NAME = "$(TARGET_NAME)";
				SWIFT_VERSION = 5.0;
				TARGETED_DEVICE_FAMILY = "1,2";
			};
			name = Debug;
		};
		610FF8462278988D00100C57 /* Release */ = {
			isa = XCBuildConfiguration;
			baseConfigurationReference = A3595D71F3F23298308B3456 /* Pods-Breather Part 3.release.xcconfig */;
			buildSettings = {
				ASSETCATALOG_COMPILER_APPICON_NAME = AppIcon;
				CODE_SIGN_STYLE = Automatic;
				DEVELOPMENT_TEAM = 448W5H23KP;
				INFOPLIST_FILE = "$(SRCROOT)/Breather Part 3/Supporting Files/Info.plist";
				LD_RUNPATH_SEARCH_PATHS = (
					"$(inherited)",
					"@executable_path/Frameworks",
				);
				PRODUCT_BUNDLE_IDENTIFIER = "com.alexbaramilis.Breather-Part-3";
				PRODUCT_NAME = "$(TARGET_NAME)";
				SWIFT_VERSION = 5.0;
				TARGETED_DEVICE_FAMILY = "1,2";
			};
			name = Release;
		};
/* End XCBuildConfiguration section */

/* Begin XCConfigurationList section */
		610FF82D2278988C00100C57 /* Build configuration list for PBXProject "Breather Part 3" */ = {
			isa = XCConfigurationList;
			buildConfigurations = (
				610FF8422278988D00100C57 /* Debug */,
				610FF8432278988D00100C57 /* Release */,
			);
			defaultConfigurationIsVisible = 0;
			defaultConfigurationName = Release;
		};
		610FF8442278988D00100C57 /* Build configuration list for PBXNativeTarget "Breather Part 3" */ = {
			isa = XCConfigurationList;
			buildConfigurations = (
				610FF8452278988D00100C57 /* Debug */,
				610FF8462278988D00100C57 /* Release */,
			);
			defaultConfigurationIsVisible = 0;
			defaultConfigurationName = Release;
		};
/* End XCConfigurationList section */
	};
	rootObject = 610FF82A2278988C00100C57 /* Project object */;
}
